// !$*UTF8*$!
{
	archiveVersion = 1;
	classes = {
	};
	objectVersion = 50;
	objects = {

/* Begin PBXBuildFile section */
		BA13F7F72334F524007A8B5E /* MoviesPresenter.swift in Sources */ = {isa = PBXBuildFile; fileRef = BA13F7F62334F524007A8B5E /* MoviesPresenter.swift */; };
		BA13F7FA2334F5D5007A8B5E /* MoviesService.swift in Sources */ = {isa = PBXBuildFile; fileRef = BA13F7F92334F5D5007A8B5E /* MoviesService.swift */; };
		BA13F7FC2334F5DF007A8B5E /* Movie.swift in Sources */ = {isa = PBXBuildFile; fileRef = BA13F7FB2334F5DF007A8B5E /* Movie.swift */; };
		BA13F7FE2334F648007A8B5E /* movies.json in Resources */ = {isa = PBXBuildFile; fileRef = BA13F7FD2334F647007A8B5E /* movies.json */; };
		BA13F80123351478007A8B5E /* MovieTableViewCell.swift in Sources */ = {isa = PBXBuildFile; fileRef = BA13F80023351478007A8B5E /* MovieTableViewCell.swift */; };
		BA40B13B233A48A300871BC0 /* GalleryCollectionViewCell.swift in Sources */ = {isa = PBXBuildFile; fileRef = BA40B13A233A48A300871BC0 /* GalleryCollectionViewCell.swift */; };
		BA5C05DB2337F78A00B579A4 /* DetailsPresenter.swift in Sources */ = {isa = PBXBuildFile; fileRef = BA5C05DA2337F78A00B579A4 /* DetailsPresenter.swift */; };
		BA5C05DD2337F7A200B579A4 /* DetailsViewController.swift in Sources */ = {isa = PBXBuildFile; fileRef = BA5C05DC2337F7A200B579A4 /* DetailsViewController.swift */; };
		BA67F371233AD8A800B2C6F2 /* GalleryCollectionReusableView.swift in Sources */ = {isa = PBXBuildFile; fileRef = BA67F370233AD8A800B2C6F2 /* GalleryCollectionReusableView.swift */; };
		BA8DE6B323392D7000A3E2FA /* MovieDetailedCollectionViewCell.swift in Sources */ = {isa = PBXBuildFile; fileRef = BA8DE6B223392D7000A3E2FA /* MovieDetailedCollectionViewCell.swift */; };
		BA8DE6B523393AA400A3E2FA /* Constants.swift in Sources */ = {isa = PBXBuildFile; fileRef = BA8DE6B423393AA400A3E2FA /* Constants.swift */; };
		BA8DE6B7233987D900A3E2FA /* FlickrService.swift in Sources */ = {isa = PBXBuildFile; fileRef = BA8DE6B6233987D900A3E2FA /* FlickrService.swift */; };
		BA8DE6B923398EAC00A3E2FA /* FlickrModel.swift in Sources */ = {isa = PBXBuildFile; fileRef = BA8DE6B823398EAC00A3E2FA /* FlickrModel.swift */; };
		BA8DE6BB23398F3900A3E2FA /* Photo.swift in Sources */ = {isa = PBXBuildFile; fileRef = BA8DE6BA23398F3900A3E2FA /* Photo.swift */; };
		BA8DE6BD233992D200A3E2FA /* Photos.swift in Sources */ = {isa = PBXBuildFile; fileRef = BA8DE6BC233992D200A3E2FA /* Photos.swift */; };
		BAE0CC83233BE05A00BC9225 /* ImagesListingViewController.swift in Sources */ = {isa = PBXBuildFile; fileRef = BAE0CC82233BE05A00BC9225 /* ImagesListingViewController.swift */; };
		BAE0CC85233BE14D00BC9225 /* ImagesListingPresenter.swift in Sources */ = {isa = PBXBuildFile; fileRef = BAE0CC84233BE14D00BC9225 /* ImagesListingPresenter.swift */; };
		BAE0CC87233C214000BC9225 /* DetailsPresenterTests.swift in Sources */ = {isa = PBXBuildFile; fileRef = BAE0CC86233C214000BC9225 /* DetailsPresenterTests.swift */; };
		BAFB64172334D84C00E9CBD3 /* AppDelegate.swift in Sources */ = {isa = PBXBuildFile; fileRef = BAFB64162334D84C00E9CBD3 /* AppDelegate.swift */; };
		BAFB64192334D84C00E9CBD3 /* MoviesViewController.swift in Sources */ = {isa = PBXBuildFile; fileRef = BAFB64182334D84C00E9CBD3 /* MoviesViewController.swift */; };
		BAFB641C2334D84C00E9CBD3 /* Main.storyboard in Resources */ = {isa = PBXBuildFile; fileRef = BAFB641A2334D84C00E9CBD3 /* Main.storyboard */; };
		BAFB641E2334D84D00E9CBD3 /* Assets.xcassets in Resources */ = {isa = PBXBuildFile; fileRef = BAFB641D2334D84D00E9CBD3 /* Assets.xcassets */; };
		BAFB64212334D84D00E9CBD3 /* LaunchScreen.storyboard in Resources */ = {isa = PBXBuildFile; fileRef = BAFB641F2334D84D00E9CBD3 /* LaunchScreen.storyboard */; };
		BAFB642C2334D84E00E9CBD3 /* MoviesPresenterTests.swift in Sources */ = {isa = PBXBuildFile; fileRef = BAFB642B2334D84E00E9CBD3 /* MoviesPresenterTests.swift */; };
		BAFB64372334D84E00E9CBD3 /* Movie_challengeUITests.swift in Sources */ = {isa = PBXBuildFile; fileRef = BAFB64362334D84E00E9CBD3 /* Movie_challengeUITests.swift */; };
/* End PBXBuildFile section */

/* Begin PBXContainerItemProxy section */
		BAFB64282334D84D00E9CBD3 /* PBXContainerItemProxy */ = {
			isa = PBXContainerItemProxy;
			containerPortal = BAFB640B2334D84C00E9CBD3 /* Project object */;
			proxyType = 1;
			remoteGlobalIDString = BAFB64122334D84C00E9CBD3;
			remoteInfo = "Movie challenge";
		};
		BAFB64332334D84E00E9CBD3 /* PBXContainerItemProxy */ = {
			isa = PBXContainerItemProxy;
			containerPortal = BAFB640B2334D84C00E9CBD3 /* Project object */;
			proxyType = 1;
			remoteGlobalIDString = BAFB64122334D84C00E9CBD3;
			remoteInfo = "Movie challenge";
		};
/* End PBXContainerItemProxy section */

/* Begin PBXFileReference section */
		BA13F7F62334F524007A8B5E /* MoviesPresenter.swift */ = {isa = PBXFileReference; lastKnownFileType = sourcecode.swift; path = MoviesPresenter.swift; sourceTree = "<group>"; };
		BA13F7F92334F5D5007A8B5E /* MoviesService.swift */ = {isa = PBXFileReference; lastKnownFileType = sourcecode.swift; path = MoviesService.swift; sourceTree = "<group>"; };
		BA13F7FB2334F5DF007A8B5E /* Movie.swift */ = {isa = PBXFileReference; lastKnownFileType = sourcecode.swift; path = Movie.swift; sourceTree = "<group>"; };
		BA13F7FD2334F647007A8B5E /* movies.json */ = {isa = PBXFileReference; fileEncoding = 4; lastKnownFileType = text.json; path = movies.json; sourceTree = "<group>"; };
		BA13F80023351478007A8B5E /* MovieTableViewCell.swift */ = {isa = PBXFileReference; lastKnownFileType = sourcecode.swift; path = MovieTableViewCell.swift; sourceTree = "<group>"; };
		BA40B13A233A48A300871BC0 /* GalleryCollectionViewCell.swift */ = {isa = PBXFileReference; lastKnownFileType = sourcecode.swift; path = GalleryCollectionViewCell.swift; sourceTree = "<group>"; };
		BA5C05DA2337F78A00B579A4 /* DetailsPresenter.swift */ = {isa = PBXFileReference; lastKnownFileType = sourcecode.swift; path = DetailsPresenter.swift; sourceTree = "<group>"; };
		BA5C05DC2337F7A200B579A4 /* DetailsViewController.swift */ = {isa = PBXFileReference; lastKnownFileType = sourcecode.swift; path = DetailsViewController.swift; sourceTree = "<group>"; };
		BA67F370233AD8A800B2C6F2 /* GalleryCollectionReusableView.swift */ = {isa = PBXFileReference; lastKnownFileType = sourcecode.swift; path = GalleryCollectionReusableView.swift; sourceTree = "<group>"; };
		BA8DE6B223392D7000A3E2FA /* MovieDetailedCollectionViewCell.swift */ = {isa = PBXFileReference; lastKnownFileType = sourcecode.swift; path = MovieDetailedCollectionViewCell.swift; sourceTree = "<group>"; };
		BA8DE6B423393AA400A3E2FA /* Constants.swift */ = {isa = PBXFileReference; lastKnownFileType = sourcecode.swift; path = Constants.swift; sourceTree = "<group>"; };
		BA8DE6B6233987D900A3E2FA /* FlickrService.swift */ = {isa = PBXFileReference; lastKnownFileType = sourcecode.swift; path = FlickrService.swift; sourceTree = "<group>"; };
		BA8DE6B823398EAC00A3E2FA /* FlickrModel.swift */ = {isa = PBXFileReference; lastKnownFileType = sourcecode.swift; path = FlickrModel.swift; sourceTree = "<group>"; };
		BA8DE6BA23398F3900A3E2FA /* Photo.swift */ = {isa = PBXFileReference; lastKnownFileType = sourcecode.swift; path = Photo.swift; sourceTree = "<group>"; };
		BA8DE6BC233992D200A3E2FA /* Photos.swift */ = {isa = PBXFileReference; lastKnownFileType = sourcecode.swift; path = Photos.swift; sourceTree = "<group>"; };
		BAE0CC82233BE05A00BC9225 /* ImagesListingViewController.swift */ = {isa = PBXFileReference; lastKnownFileType = sourcecode.swift; path = ImagesListingViewController.swift; sourceTree = "<group>"; };
		BAE0CC84233BE14D00BC9225 /* ImagesListingPresenter.swift */ = {isa = PBXFileReference; lastKnownFileType = sourcecode.swift; path = ImagesListingPresenter.swift; sourceTree = "<group>"; };
		BAE0CC86233C214000BC9225 /* DetailsPresenterTests.swift */ = {isa = PBXFileReference; lastKnownFileType = sourcecode.swift; path = DetailsPresenterTests.swift; sourceTree = "<group>"; };
		BAFB64132334D84C00E9CBD3 /* Movie challenge.app */ = {isa = PBXFileReference; explicitFileType = wrapper.application; includeInIndex = 0; path = "Movie challenge.app"; sourceTree = BUILT_PRODUCTS_DIR; };
		BAFB64162334D84C00E9CBD3 /* AppDelegate.swift */ = {isa = PBXFileReference; lastKnownFileType = sourcecode.swift; path = AppDelegate.swift; sourceTree = "<group>"; };
		BAFB64182334D84C00E9CBD3 /* MoviesViewController.swift */ = {isa = PBXFileReference; lastKnownFileType = sourcecode.swift; path = MoviesViewController.swift; sourceTree = "<group>"; };
		BAFB641B2334D84C00E9CBD3 /* Base */ = {isa = PBXFileReference; lastKnownFileType = file.storyboard; name = Base; path = Base.lproj/Main.storyboard; sourceTree = "<group>"; };
		BAFB641D2334D84D00E9CBD3 /* Assets.xcassets */ = {isa = PBXFileReference; lastKnownFileType = folder.assetcatalog; path = Assets.xcassets; sourceTree = "<group>"; };
		BAFB64202334D84D00E9CBD3 /* Base */ = {isa = PBXFileReference; lastKnownFileType = file.storyboard; name = Base; path = Base.lproj/LaunchScreen.storyboard; sourceTree = "<group>"; };
		BAFB64222334D84D00E9CBD3 /* Info.plist */ = {isa = PBXFileReference; lastKnownFileType = text.plist.xml; path = Info.plist; sourceTree = "<group>"; };
		BAFB64272334D84D00E9CBD3 /* Movie challengeTests.xctest */ = {isa = PBXFileReference; explicitFileType = wrapper.cfbundle; includeInIndex = 0; path = "Movie challengeTests.xctest"; sourceTree = BUILT_PRODUCTS_DIR; };
		BAFB642B2334D84E00E9CBD3 /* MoviesPresenterTests.swift */ = {isa = PBXFileReference; lastKnownFileType = sourcecode.swift; path = MoviesPresenterTests.swift; sourceTree = "<group>"; };
		BAFB642D2334D84E00E9CBD3 /* Info.plist */ = {isa = PBXFileReference; lastKnownFileType = text.plist.xml; path = Info.plist; sourceTree = "<group>"; };
		BAFB64322334D84E00E9CBD3 /* Movie challengeUITests.xctest */ = {isa = PBXFileReference; explicitFileType = wrapper.cfbundle; includeInIndex = 0; path = "Movie challengeUITests.xctest"; sourceTree = BUILT_PRODUCTS_DIR; };
		BAFB64362334D84E00E9CBD3 /* Movie_challengeUITests.swift */ = {isa = PBXFileReference; lastKnownFileType = sourcecode.swift; path = Movie_challengeUITests.swift; sourceTree = "<group>"; };
		BAFB64382334D84E00E9CBD3 /* Info.plist */ = {isa = PBXFileReference; lastKnownFileType = text.plist.xml; path = Info.plist; sourceTree = "<group>"; };
/* End PBXFileReference section */

/* Begin PBXFrameworksBuildPhase section */
		BAFB64102334D84C00E9CBD3 /* Frameworks */ = {
			isa = PBXFrameworksBuildPhase;
			buildActionMask = 2147483647;
			files = (
			);
			runOnlyForDeploymentPostprocessing = 0;
		};
		BAFB64242334D84D00E9CBD3 /* Frameworks */ = {
			isa = PBXFrameworksBuildPhase;
			buildActionMask = 2147483647;
			files = (
			);
			runOnlyForDeploymentPostprocessing = 0;
		};
		BAFB642F2334D84E00E9CBD3 /* Frameworks */ = {
			isa = PBXFrameworksBuildPhase;
			buildActionMask = 2147483647;
			files = (
			);
			runOnlyForDeploymentPostprocessing = 0;
		};
/* End PBXFrameworksBuildPhase section */

/* Begin PBXGroup section */
		BA13F7F52334F496007A8B5E /* Movies */ = {
			isa = PBXGroup;
			children = (
				BAFB64182334D84C00E9CBD3 /* MoviesViewController.swift */,
				BA13F7F62334F524007A8B5E /* MoviesPresenter.swift */,
				BA13F7F92334F5D5007A8B5E /* MoviesService.swift */,
				BA13F7FB2334F5DF007A8B5E /* Movie.swift */,
				BA13F80023351478007A8B5E /* MovieTableViewCell.swift */,
			);
			path = Movies;
			sourceTree = "<group>";
		};
		BA5C05D92337F76F00B579A4 /* Details */ = {
			isa = PBXGroup;
			children = (
				BA5C05DC2337F7A200B579A4 /* DetailsViewController.swift */,
				BA5C05DA2337F78A00B579A4 /* DetailsPresenter.swift */,
				BA8DE6B223392D7000A3E2FA /* MovieDetailedCollectionViewCell.swift */,
				BA40B13A233A48A300871BC0 /* GalleryCollectionViewCell.swift */,
				BA67F370233AD8A800B2C6F2 /* GalleryCollectionReusableView.swift */,
				BA8DE6B6233987D900A3E2FA /* FlickrService.swift */,
				BA8DE6B823398EAC00A3E2FA /* FlickrModel.swift */,
				BA8DE6BC233992D200A3E2FA /* Photos.swift */,
				BA8DE6BA23398F3900A3E2FA /* Photo.swift */,
			);
			path = Details;
			sourceTree = "<group>";
		};
		BAE0CC81233BE02A00BC9225 /* Movie Images Listing */ = {
			isa = PBXGroup;
			children = (
				BAE0CC82233BE05A00BC9225 /* ImagesListingViewController.swift */,
				BAE0CC84233BE14D00BC9225 /* ImagesListingPresenter.swift */,
			);
			path = "Movie Images Listing";
			sourceTree = "<group>";
		};
		BAFB640A2334D84C00E9CBD3 = {
			isa = PBXGroup;
			children = (
				BAFB64152334D84C00E9CBD3 /* Movie challenge */,
				BAFB642A2334D84E00E9CBD3 /* Movie challengeTests */,
				BAFB64352334D84E00E9CBD3 /* Movie challengeUITests */,
				BAFB64142334D84C00E9CBD3 /* Products */,
			);
			sourceTree = "<group>";
		};
		BAFB64142334D84C00E9CBD3 /* Products */ = {
			isa = PBXGroup;
			children = (
				BAFB64132334D84C00E9CBD3 /* Movie challenge.app */,
				BAFB64272334D84D00E9CBD3 /* Movie challengeTests.xctest */,
				BAFB64322334D84E00E9CBD3 /* Movie challengeUITests.xctest */,
			);
			name = Products;
			sourceTree = "<group>";
		};
		BAFB64152334D84C00E9CBD3 /* Movie challenge */ = {
			isa = PBXGroup;
			children = (
				BAFB64162334D84C00E9CBD3 /* AppDelegate.swift */,
				BAFB641A2334D84C00E9CBD3 /* Main.storyboard */,
				BA8DE6B423393AA400A3E2FA /* Constants.swift */,
				BA13F7F52334F496007A8B5E /* Movies */,
				BA5C05D92337F76F00B579A4 /* Details */,
				BAE0CC81233BE02A00BC9225 /* Movie Images Listing */,
				BAFB641D2334D84D00E9CBD3 /* Assets.xcassets */,
				BAFB641F2334D84D00E9CBD3 /* LaunchScreen.storyboard */,
				BAFB64222334D84D00E9CBD3 /* Info.plist */,
				BA13F7FD2334F647007A8B5E /* movies.json */,
			);
			path = "Movie challenge";
			sourceTree = "<group>";
		};
		BAFB642A2334D84E00E9CBD3 /* Movie challengeTests */ = {
			isa = PBXGroup;
			children = (
				BAFB642B2334D84E00E9CBD3 /* MoviesPresenterTests.swift */,
				BAE0CC86233C214000BC9225 /* DetailsPresenterTests.swift */,
				BAFB642D2334D84E00E9CBD3 /* Info.plist */,
			);
			path = "Movie challengeTests";
			sourceTree = "<group>";
		};
		BAFB64352334D84E00E9CBD3 /* Movie challengeUITests */ = {
			isa = PBXGroup;
			children = (
				BAFB64362334D84E00E9CBD3 /* Movie_challengeUITests.swift */,
				BAFB64382334D84E00E9CBD3 /* Info.plist */,
			);
			path = "Movie challengeUITests";
			sourceTree = "<group>";
		};
/* End PBXGroup section */

/* Begin PBXNativeTarget section */
		BAFB64122334D84C00E9CBD3 /* Movie challenge */ = {
			isa = PBXNativeTarget;
			buildConfigurationList = BAFB643B2334D84E00E9CBD3 /* Build configuration list for PBXNativeTarget "Movie challenge" */;
			buildPhases = (
				BAFB640F2334D84C00E9CBD3 /* Sources */,
				BAFB64102334D84C00E9CBD3 /* Frameworks */,
				BAFB64112334D84C00E9CBD3 /* Resources */,
			);
			buildRules = (
			);
			dependencies = (
			);
			name = "Movie challenge";
			productName = "Movie challenge";
			productReference = BAFB64132334D84C00E9CBD3 /* Movie challenge.app */;
			productType = "com.apple.product-type.application";
		};
		BAFB64262334D84D00E9CBD3 /* Movie challengeTests */ = {
			isa = PBXNativeTarget;
			buildConfigurationList = BAFB643E2334D84E00E9CBD3 /* Build configuration list for PBXNativeTarget "Movie challengeTests" */;
			buildPhases = (
				BAFB64232334D84D00E9CBD3 /* Sources */,
				BAFB64242334D84D00E9CBD3 /* Frameworks */,
				BAFB64252334D84D00E9CBD3 /* Resources */,
			);
			buildRules = (
			);
			dependencies = (
				BAFB64292334D84D00E9CBD3 /* PBXTargetDependency */,
			);
			name = "Movie challengeTests";
			productName = "Movie challengeTests";
			productReference = BAFB64272334D84D00E9CBD3 /* Movie challengeTests.xctest */;
			productType = "com.apple.product-type.bundle.unit-test";
		};
		BAFB64312334D84E00E9CBD3 /* Movie challengeUITests */ = {
			isa = PBXNativeTarget;
			buildConfigurationList = BAFB64412334D84E00E9CBD3 /* Build configuration list for PBXNativeTarget "Movie challengeUITests" */;
			buildPhases = (
				BAFB642E2334D84E00E9CBD3 /* Sources */,
				BAFB642F2334D84E00E9CBD3 /* Frameworks */,
				BAFB64302334D84E00E9CBD3 /* Resources */,
			);
			buildRules = (
			);
			dependencies = (
				BAFB64342334D84E00E9CBD3 /* PBXTargetDependency */,
			);
			name = "Movie challengeUITests";
			productName = "Movie challengeUITests";
			productReference = BAFB64322334D84E00E9CBD3 /* Movie challengeUITests.xctest */;
			productType = "com.apple.product-type.bundle.ui-testing";
		};
/* End PBXNativeTarget section */

/* Begin PBXProject section */
		BAFB640B2334D84C00E9CBD3 /* Project object */ = {
			isa = PBXProject;
			attributes = {
				LastSwiftUpdateCheck = 1020;
				LastUpgradeCheck = 1020;
				ORGANIZATIONNAME = Mazen;
				TargetAttributes = {
					BAFB64122334D84C00E9CBD3 = {
						CreatedOnToolsVersion = 10.2;
					};
					BAFB64262334D84D00E9CBD3 = {
						CreatedOnToolsVersion = 10.2;
						TestTargetID = BAFB64122334D84C00E9CBD3;
					};
					BAFB64312334D84E00E9CBD3 = {
						CreatedOnToolsVersion = 10.2;
						TestTargetID = BAFB64122334D84C00E9CBD3;
					};
				};
			};
			buildConfigurationList = BAFB640E2334D84C00E9CBD3 /* Build configuration list for PBXProject "Movie challenge" */;
			compatibilityVersion = "Xcode 9.3";
			developmentRegion = en;
			hasScannedForEncodings = 0;
			knownRegions = (
				en,
				Base,
			);
			mainGroup = BAFB640A2334D84C00E9CBD3;
			productRefGroup = BAFB64142334D84C00E9CBD3 /* Products */;
			projectDirPath = "";
			projectRoot = "";
			targets = (
				BAFB64122334D84C00E9CBD3 /* Movie challenge */,
				BAFB64262334D84D00E9CBD3 /* Movie challengeTests */,
				BAFB64312334D84E00E9CBD3 /* Movie challengeUITests */,
			);
		};
/* End PBXProject section */

/* Begin PBXResourcesBuildPhase section */
		BAFB64112334D84C00E9CBD3 /* Resources */ = {
			isa = PBXResourcesBuildPhase;
			buildActionMask = 2147483647;
			files = (
				BAFB64212334D84D00E9CBD3 /* LaunchScreen.storyboard in Resources */,
				BAFB641E2334D84D00E9CBD3 /* Assets.xcassets in Resources */,
				BA13F7FE2334F648007A8B5E /* movies.json in Resources */,
				BAFB641C2334D84C00E9CBD3 /* Main.storyboard in Resources */,
			);
			runOnlyForDeploymentPostprocessing = 0;
		};
		BAFB64252334D84D00E9CBD3 /* Resources */ = {
			isa = PBXResourcesBuildPhase;
			buildActionMask = 2147483647;
			files = (
			);
			runOnlyForDeploymentPostprocessing = 0;
		};
		BAFB64302334D84E00E9CBD3 /* Resources */ = {
			isa = PBXResourcesBuildPhase;
			buildActionMask = 2147483647;
			files = (
			);
			runOnlyForDeploymentPostprocessing = 0;
		};
/* End PBXResourcesBuildPhase section */

/* Begin PBXSourcesBuildPhase section */
		BAFB640F2334D84C00E9CBD3 /* Sources */ = {
			isa = PBXSourcesBuildPhase;
			buildActionMask = 2147483647;
			files = (
				BA8DE6B923398EAC00A3E2FA /* FlickrModel.swift in Sources */,
				BA40B13B233A48A300871BC0 /* GalleryCollectionViewCell.swift in Sources */,
				BA13F7FC2334F5DF007A8B5E /* Movie.swift in Sources */,
				BAE0CC85233BE14D00BC9225 /* ImagesListingPresenter.swift in Sources */,
				BAFB64192334D84C00E9CBD3 /* MoviesViewController.swift in Sources */,
				BA8DE6B7233987D900A3E2FA /* FlickrService.swift in Sources */,
				BA13F80123351478007A8B5E /* MovieTableViewCell.swift in Sources */,
				BA5C05DD2337F7A200B579A4 /* DetailsViewController.swift in Sources */,
				BA8DE6BD233992D200A3E2FA /* Photos.swift in Sources */,
				BA67F371233AD8A800B2C6F2 /* GalleryCollectionReusableView.swift in Sources */,
				BA5C05DB2337F78A00B579A4 /* DetailsPresenter.swift in Sources */,
				BA8DE6B523393AA400A3E2FA /* Constants.swift in Sources */,
				BAE0CC83233BE05A00BC9225 /* ImagesListingViewController.swift in Sources */,
				BAFB64172334D84C00E9CBD3 /* AppDelegate.swift in Sources */,
				BA13F7FA2334F5D5007A8B5E /* MoviesService.swift in Sources */,
				BA13F7F72334F524007A8B5E /* MoviesPresenter.swift in Sources */,
				BA8DE6BB23398F3900A3E2FA /* Photo.swift in Sources */,
				BA8DE6B323392D7000A3E2FA /* MovieDetailedCollectionViewCell.swift in Sources */,
			);
			runOnlyForDeploymentPostprocessing = 0;
		};
		BAFB64232334D84D00E9CBD3 /* Sources */ = {
			isa = PBXSourcesBuildPhase;
			buildActionMask = 2147483647;
			files = (
				BAFB642C2334D84E00E9CBD3 /* MoviesPresenterTests.swift in Sources */,
				BAE0CC87233C214000BC9225 /* DetailsPresenterTests.swift in Sources */,
			);
			runOnlyForDeploymentPostprocessing = 0;
		};
		BAFB642E2334D84E00E9CBD3 /* Sources */ = {
			isa = PBXSourcesBuildPhase;
			buildActionMask = 2147483647;
			files = (
				BAFB64372334D84E00E9CBD3 /* Movie_challengeUITests.swift in Sources */,
			);
			runOnlyForDeploymentPostprocessing = 0;
		};
/* End PBXSourcesBuildPhase section */

/* Begin PBXTargetDependency section */
		BAFB64292334D84D00E9CBD3 /* PBXTargetDependency */ = {
			isa = PBXTargetDependency;
			target = BAFB64122334D84C00E9CBD3 /* Movie challenge */;
			targetProxy = BAFB64282334D84D00E9CBD3 /* PBXContainerItemProxy */;
		};
		BAFB64342334D84E00E9CBD3 /* PBXTargetDependency */ = {
			isa = PBXTargetDependency;
			target = BAFB64122334D84C00E9CBD3 /* Movie challenge */;
			targetProxy = BAFB64332334D84E00E9CBD3 /* PBXContainerItemProxy */;
		};
/* End PBXTargetDependency section */

/* Begin PBXVariantGroup section */
		BAFB641A2334D84C00E9CBD3 /* Main.storyboard */ = {
			isa = PBXVariantGroup;
			children = (
				BAFB641B2334D84C00E9CBD3 /* Base */,
			);
			name = Main.storyboard;
			sourceTree = "<group>";
		};
		BAFB641F2334D84D00E9CBD3 /* LaunchScreen.storyboard */ = {
			isa = PBXVariantGroup;
			children = (
				BAFB64202334D84D00E9CBD3 /* Base */,
			);
			name = LaunchScreen.storyboard;
			sourceTree = "<group>";
		};
/* End PBXVariantGroup section */

/* Begin XCBuildConfiguration section */
		BAFB64392334D84E00E9CBD3 /* Debug */ = {
			isa = XCBuildConfiguration;
			buildSettings = {
				ALWAYS_SEARCH_USER_PATHS = NO;
				CLANG_ANALYZER_NONNULL = YES;
				CLANG_ANALYZER_NUMBER_OBJECT_CONVERSION = YES_AGGRESSIVE;
				CLANG_CXX_LANGUAGE_STANDARD = "gnu++14";
				CLANG_CXX_LIBRARY = "libc++";
				CLANG_ENABLE_MODULES = YES;
				CLANG_ENABLE_OBJC_ARC = YES;
				CLANG_ENABLE_OBJC_WEAK = YES;
				CLANG_WARN_BLOCK_CAPTURE_AUTORELEASING = YES;
				CLANG_WARN_BOOL_CONVERSION = YES;
				CLANG_WARN_COMMA = YES;
				CLANG_WARN_CONSTANT_CONVERSION = YES;
				CLANG_WARN_DEPRECATED_OBJC_IMPLEMENTATIONS = YES;
				CLANG_WARN_DIRECT_OBJC_ISA_USAGE = YES_ERROR;
				CLANG_WARN_DOCUMENTATION_COMMENTS = YES;
				CLANG_WARN_EMPTY_BODY = YES;
				CLANG_WARN_ENUM_CONVERSION = YES;
				CLANG_WARN_INFINITE_RECURSION = YES;
				CLANG_WARN_INT_CONVERSION = YES;
				CLANG_WARN_NON_LITERAL_NULL_CONVERSION = YES;
				CLANG_WARN_OBJC_IMPLICIT_RETAIN_SELF = YES;
				CLANG_WARN_OBJC_LITERAL_CONVERSION = YES;
				CLANG_WARN_OBJC_ROOT_CLASS = YES_ERROR;
				CLANG_WARN_RANGE_LOOP_ANALYSIS = YES;
				CLANG_WARN_STRICT_PROTOTYPES = YES;
				CLANG_WARN_SUSPICIOUS_MOVE = YES;
				CLANG_WARN_UNGUARDED_AVAILABILITY = YES_AGGRESSIVE;
				CLANG_WARN_UNREACHABLE_CODE = YES;
				CLANG_WARN__DUPLICATE_METHOD_MATCH = YES;
				CODE_SIGN_IDENTITY = "iPhone Developer";
				COPY_PHASE_STRIP = NO;
				DEBUG_INFORMATION_FORMAT = dwarf;
				ENABLE_STRICT_OBJC_MSGSEND = YES;
				ENABLE_TESTABILITY = YES;
				GCC_C_LANGUAGE_STANDARD = gnu11;
				GCC_DYNAMIC_NO_PIC = NO;
				GCC_NO_COMMON_BLOCKS = YES;
				GCC_OPTIMIZATION_LEVEL = 0;
				GCC_PREPROCESSOR_DEFINITIONS = (
					"DEBUG=1",
					"$(inherited)",
				);
				GCC_WARN_64_TO_32_BIT_CONVERSION = YES;
				GCC_WARN_ABOUT_RETURN_TYPE = YES_ERROR;
				GCC_WARN_UNDECLARED_SELECTOR = YES;
				GCC_WARN_UNINITIALIZED_AUTOS = YES_AGGRESSIVE;
				GCC_WARN_UNUSED_FUNCTION = YES;
				GCC_WARN_UNUSED_VARIABLE = YES;
				IPHONEOS_DEPLOYMENT_TARGET = 12.2;
				MTL_ENABLE_DEBUG_INFO = INCLUDE_SOURCE;
				MTL_FAST_MATH = YES;
				ONLY_ACTIVE_ARCH = YES;
				SDKROOT = iphoneos;
				SWIFT_ACTIVE_COMPILATION_CONDITIONS = DEBUG;
				SWIFT_OPTIMIZATION_LEVEL = "-Onone";
			};
			name = Debug;
		};
		BAFB643A2334D84E00E9CBD3 /* Release */ = {
			isa = XCBuildConfiguration;
			buildSettings = {
				ALWAYS_SEARCH_USER_PATHS = NO;
				CLANG_ANALYZER_NONNULL = YES;
				CLANG_ANALYZER_NUMBER_OBJECT_CONVERSION = YES_AGGRESSIVE;
				CLANG_CXX_LANGUAGE_STANDARD = "gnu++14";
				CLANG_CXX_LIBRARY = "libc++";
				CLANG_ENABLE_MODULES = YES;
				CLANG_ENABLE_OBJC_ARC = YES;
				CLANG_ENABLE_OBJC_WEAK = YES;
				CLANG_WARN_BLOCK_CAPTURE_AUTORELEASING = YES;
				CLANG_WARN_BOOL_CONVERSION = YES;
				CLANG_WARN_COMMA = YES;
				CLANG_WARN_CONSTANT_CONVERSION = YES;
				CLANG_WARN_DEPRECATED_OBJC_IMPLEMENTATIONS = YES;
				CLANG_WARN_DIRECT_OBJC_ISA_USAGE = YES_ERROR;
				CLANG_WARN_DOCUMENTATION_COMMENTS = YES;
				CLANG_WARN_EMPTY_BODY = YES;
				CLANG_WARN_ENUM_CONVERSION = YES;
				CLANG_WARN_INFINITE_RECURSION = YES;
				CLANG_WARN_INT_CONVERSION = YES;
				CLANG_WARN_NON_LITERAL_NULL_CONVERSION = YES;
				CLANG_WARN_OBJC_IMPLICIT_RETAIN_SELF = YES;
				CLANG_WARN_OBJC_LITERAL_CONVERSION = YES;
				CLANG_WARN_OBJC_ROOT_CLASS = YES_ERROR;
				CLANG_WARN_RANGE_LOOP_ANALYSIS = YES;
				CLANG_WARN_STRICT_PROTOTYPES = YES;
				CLANG_WARN_SUSPICIOUS_MOVE = YES;
				CLANG_WARN_UNGUARDED_AVAILABILITY = YES_AGGRESSIVE;
				CLANG_WARN_UNREACHABLE_CODE = YES;
				CLANG_WARN__DUPLICATE_METHOD_MATCH = YES;
				CODE_SIGN_IDENTITY = "iPhone Developer";
				COPY_PHASE_STRIP = NO;
				DEBUG_INFORMATION_FORMAT = "dwarf-with-dsym";
				ENABLE_NS_ASSERTIONS = NO;
				ENABLE_STRICT_OBJC_MSGSEND = YES;
				GCC_C_LANGUAGE_STANDARD = gnu11;
				GCC_NO_COMMON_BLOCKS = YES;
				GCC_WARN_64_TO_32_BIT_CONVERSION = YES;
				GCC_WARN_ABOUT_RETURN_TYPE = YES_ERROR;
				GCC_WARN_UNDECLARED_SELECTOR = YES;
				GCC_WARN_UNINITIALIZED_AUTOS = YES_AGGRESSIVE;
				GCC_WARN_UNUSED_FUNCTION = YES;
				GCC_WARN_UNUSED_VARIABLE = YES;
				IPHONEOS_DEPLOYMENT_TARGET = 12.2;
				MTL_ENABLE_DEBUG_INFO = NO;
				MTL_FAST_MATH = YES;
				SDKROOT = iphoneos;
				SWIFT_COMPILATION_MODE = wholemodule;
				SWIFT_OPTIMIZATION_LEVEL = "-O";
				VALIDATE_PRODUCT = YES;
			};
			name = Release;
		};
		BAFB643C2334D84E00E9CBD3 /* Debug */ = {
			isa = XCBuildConfiguration;
			buildSettings = {
				ASSETCATALOG_COMPILER_APPICON_NAME = AppIcon;
				CODE_SIGN_STYLE = Manual;
				DEVELOPMENT_TEAM = "";
				INFOPLIST_FILE = "Movie challenge/Info.plist";
				LD_RUNPATH_SEARCH_PATHS = (
					"$(inherited)",
					"@executable_path/Frameworks",
				);
				PRODUCT_BUNDLE_IDENTIFIER = "Mazen.Movie-challenge";
				PRODUCT_NAME = "$(TARGET_NAME)";
				PROVISIONING_PROFILE_SPECIFIER = "";
				SWIFT_VERSION = 5.0;
				TARGETED_DEVICE_FAMILY = "1,2";
			};
			name = Debug;
		};
		BAFB643D2334D84E00E9CBD3 /* Release */ = {
			isa = XCBuildConfiguration;
			buildSettings = {
				ASSETCATALOG_COMPILER_APPICON_NAME = AppIcon;
				CODE_SIGN_STYLE = Manual;
				DEVELOPMENT_TEAM = "";
				INFOPLIST_FILE = "Movie challenge/Info.plist";
				LD_RUNPATH_SEARCH_PATHS = (
					"$(inherited)",
					"@executable_path/Frameworks",
				);
				PRODUCT_BUNDLE_IDENTIFIER = "Mazen.Movie-challenge";
				PRODUCT_NAME = "$(TARGET_NAME)";
				PROVISIONING_PROFILE_SPECIFIER = "";
				SWIFT_VERSION = 5.0;
				TARGETED_DEVICE_FAMILY = "1,2";
			};
			name = Release;
		};
		BAFB643F2334D84E00E9CBD3 /* Debug */ = {
			isa = XCBuildConfiguration;
			buildSettings = {
				ALWAYS_EMBED_SWIFT_STANDARD_LIBRARIES = YES;
				BUNDLE_LOADER = "$(TEST_HOST)";
				CODE_SIGN_STYLE = Automatic;
				DEVELOPMENT_TEAM = 87ZGYR799T;
				INFOPLIST_FILE = "Movie challengeTests/Info.plist";
				LD_RUNPATH_SEARCH_PATHS = (
					"$(inherited)",
					"@executable_path/Frameworks",
					"@loader_path/Frameworks",
				);
				PRODUCT_BUNDLE_IDENTIFIER = "Mazen.Movie-challengeTests";
				PRODUCT_NAME = "$(TARGET_NAME)";
				SWIFT_VERSION = 5.0;
				TARGETED_DEVICE_FAMILY = "1,2";
				TEST_HOST = "$(BUILT_PRODUCTS_DIR)/Movie challenge.app/Movie challenge";
			};
			name = Debug;
		};
		BAFB64402334D84E00E9CBD3 /* Release */ = {
			isa = XCBuildConfiguration;
			buildSettings = {
				ALWAYS_EMBED_SWIFT_STANDARD_LIBRARIES = YES;
				BUNDLE_LOADER = "$(TEST_HOST)";
				CODE_SIGN_STYLE = Automatic;
				DEVELOPMENT_TEAM = 87ZGYR799T;
				INFOPLIST_FILE = "Movie challengeTests/Info.plist";
				LD_RUNPATH_SEARCH_PATHS = (
					"$(inherited)",
					"@executable_path/Frameworks",
					"@loader_path/Frameworks",
				);
				PRODUCT_BUNDLE_IDENTIFIER = "Mazen.Movie-challengeTests";
				PRODUCT_NAME = "$(TARGET_NAME)";
				SWIFT_VERSION = 5.0;
				TARGETED_DEVICE_FAMILY = "1,2";
				TEST_HOST = "$(BUILT_PRODUCTS_DIR)/Movie challenge.app/Movie challenge";
			};
			name = Release;
		};
		BAFB64422334D84E00E9CBD3 /* Debug */ = {
			isa = XCBuildConfiguration;
			buildSettings = {
				ALWAYS_EMBED_SWIFT_STANDARD_LIBRARIES = YES;
				CODE_SIGN_STYLE = Automatic;
				DEVELOPMENT_TEAM = 87ZGYR799T;
				INFOPLIST_FILE = "Movie challengeUITests/Info.plist";
				LD_RUNPATH_SEARCH_PATHS = (
					"$(inherited)",
					"@executable_path/Frameworks",
					"@loader_path/Frameworks",
				);
				PRODUCT_BUNDLE_IDENTIFIER = "Mazen.Movie-challengeUITests";
				PRODUCT_NAME = "$(TARGET_NAME)";
				SWIFT_VERSION = 5.0;
				TARGETED_DEVICE_FAMILY = "1,2";
				TEST_TARGET_NAME = "Movie challenge";
			};
			name = Debug;
		};
		BAFB64432334D84E00E9CBD3 /* Release */ = {
			isa = XCBuildConfiguration;
			buildSettings = {
				ALWAYS_EMBED_SWIFT_STANDARD_LIBRARIES = YES;
				CODE_SIGN_STYLE = Automatic;
				DEVELOPMENT_TEAM = 87ZGYR799T;
				INFOPLIST_FILE = "Movie challengeUITests/Info.plist";
				LD_RUNPATH_SEARCH_PATHS = (
					"$(inherited)",
					"@executable_path/Frameworks",
					"@loader_path/Frameworks",
				);
				PRODUCT_BUNDLE_IDENTIFIER = "Mazen.Movie-challengeUITests";
				PRODUCT_NAME = "$(TARGET_NAME)";
				SWIFT_VERSION = 5.0;
				TARGETED_DEVICE_FAMILY = "1,2";
				TEST_TARGET_NAME = "Movie challenge";
			};
			name = Release;
		};
/* End XCBuildConfiguration section */

/* Begin XCConfigurationList section */
		BAFB640E2334D84C00E9CBD3 /* Build configuration list for PBXProject "Movie challenge" */ = {
			isa = XCConfigurationList;
			buildConfigurations = (
				BAFB64392334D84E00E9CBD3 /* Debug */,
				BAFB643A2334D84E00E9CBD3 /* Release */,
			);
			defaultConfigurationIsVisible = 0;
			defaultConfigurationName = Release;
		};
		BAFB643B2334D84E00E9CBD3 /* Build configuration list for PBXNativeTarget "Movie challenge" */ = {
			isa = XCConfigurationList;
			buildConfigurations = (
				BAFB643C2334D84E00E9CBD3 /* Debug */,
				BAFB643D2334D84E00E9CBD3 /* Release */,
			);
			defaultConfigurationIsVisible = 0;
			defaultConfigurationName = Release;
		};
		BAFB643E2334D84E00E9CBD3 /* Build configuration list for PBXNativeTarget "Movie challengeTests" */ = {
			isa = XCConfigurationList;
			buildConfigurations = (
				BAFB643F2334D84E00E9CBD3 /* Debug */,
				BAFB64402334D84E00E9CBD3 /* Release */,
			);
			defaultConfigurationIsVisible = 0;
			defaultConfigurationName = Release;
		};
		BAFB64412334D84E00E9CBD3 /* Build configuration list for PBXNativeTarget "Movie challengeUITests" */ = {
			isa = XCConfigurationList;
			buildConfigurations = (
				BAFB64422334D84E00E9CBD3 /* Debug */,
				BAFB64432334D84E00E9CBD3 /* Release */,
			);
			defaultConfigurationIsVisible = 0;
			defaultConfigurationName = Release;
		};
/* End XCConfigurationList section */
	};
	rootObject = BAFB640B2334D84C00E9CBD3 /* Project object */;
}
